
Microsoft Visual Studio Solution File, Format Version 12.00
# Visual Studio Version 17
VisualStudioVersion = 17.8.34330.188
MinimumVisualStudioVersion = 10.0.40219.1
Project("{8BC9CEB8-8B4A-11D0-8D11-00A0C91BC942}") = "tier0", "Dll1.vcxproj", "{FF6A4DE4-E3D3-4F2B-8640-0A4815865FBE}"
EndProject
Project("{8BC9CEB8-8B4A-11D0-8D11-00A0C91BC942}") = "launcher", "launch\launcher.vcxproj", "{4E116D7B-5E62-42D8-9649-56B00CC61AB3}"
EndProject
Project("{8BC9CEB8-8B4A-11D0-8D11-00A0C91BC942}") = "dedi_launch", "dedi_launch\dedi_launch.vcxproj", "{33E52B4A-8E73-4A95-B9A3-96BD7B2E1FB6}"
EndProject
Project("{8BC9CEB8-8B4A-11D0-8D11-00A0C91BC942}") = "Dll2", "vaudio_opus\Dll2.vcxproj", "{7AACD69C-140D-48D7-9622-CD4335049EB1}"
EndProject
Global
	GlobalSection(SolutionConfigurationPlatforms) = preSolution
		Debug|x64 = Debug|x64
		Debug|x86 = Debug|x86
		Release|x64 = Release|x64
		Release|x86 = Release|x86
	EndGlobalSection
	GlobalSection(ProjectConfigurationPlatforms) = postSolution
		{FF6A4DE4-E3D3-4F2B-8640-0A4815865FBE}.Debug|x64.ActiveCfg = Debug|x64
		{FF6A4DE4-E3D3-4F2B-8640-0A4815865FBE}.Debug|x64.Build.0 = Debug|x64
		{FF6A4DE4-E3D3-4F2B-8640-0A4815865FBE}.Debug|x86.ActiveCfg = Debug|Win32
		{FF6A4DE4-E3D3-4F2B-8640-0A4815865FBE}.Debug|x86.Build.0 = Debug|Win32
		{FF6A4DE4-E3D3-4F2B-8640-0A4815865FBE}.Release|x64.ActiveCfg = Release|x64
		{FF6A4DE4-E3D3-4F2B-8640-0A4815865FBE}.Release|x64.Build.0 = Release|x64
		{FF6A4DE4-E3D3-4F2B-8640-0A4815865FBE}.Release|x86.ActiveCfg = Release|Win32
		{FF6A4DE4-E3D3-4F2B-8640-0A4815865FBE}.Release|x86.Build.0 = Release|Win32
		{ABB5EAE7-B3E6-432E-B636-333449892EA6}.Debug|x64.ActiveCfg = Debug|x64
		{ABB5EAE7-B3E6-432E-B636-333449892EA6}.Debug|x64.Build.0 = Debug|x64
		{ABB5EAE7-B3E6-432E-B636-333449892EA6}.Debug|x86.ActiveCfg = Debug|Win32
		{ABB5EAE7-B3E6-432E-B636-333449892EA6}.Debug|x86.Build.0 = Debug|Win32
		{ABB5EAE7-B3E6-432E-B636-333449892EA6}.Release|x64.ActiveCfg = Release|x64
		{ABB5EAE7-B3E6-432E-B636-333449892EA6}.Release|x64.Build.0 = Release|x64
		{ABB5EAE7-B3E6-432E-B636-333449892EA6}.Release|x86.ActiveCfg = Release|Win32
		{ABB5EAE7-B3E6-432E-B636-333449892EA6}.Release|x86.Build.0 = Release|Win32
		{4E116D7B-5E62-42D8-9649-56B00CC61AB3}.Debug|x64.ActiveCfg = Debug|x64
		{4E116D7B-5E62-42D8-9649-56B00CC61AB3}.Debug|x64.Build.0 = Debug|x64
		{4E116D7B-5E62-42D8-9649-56B00CC61AB3}.Debug|x86.ActiveCfg = Debug|Win32
		{4E116D7B-5E62-42D8-9649-56B00CC61AB3}.Debug|x86.Build.0 = Debug|Win32
		{4E116D7B-5E62-42D8-9649-56B00CC61AB3}.Release|x64.ActiveCfg = Release|x64
		{4E116D7B-5E62-42D8-9649-56B00CC61AB3}.Release|x64.Build.0 = Release|x64
		{4E116D7B-5E62-42D8-9649-56B00CC61AB3}.Release|x86.ActiveCfg = Release|Win32
		{4E116D7B-5E62-42D8-9649-56B00CC61AB3}.Release|x86.Build.0 = Release|Win32
		{33E52B4A-8E73-4A95-B9A3-96BD7B2E1FB6}.Debug|x64.ActiveCfg = Debug|x64
		{33E52B4A-8E73-4A95-B9A3-96BD7B2E1FB6}.Debug|x64.Build.0 = Debug|x64
		{33E52B4A-8E73-4A95-B9A3-96BD7B2E1FB6}.Debug|x86.ActiveCfg = Debug|Win32
		{33E52B4A-8E73-4A95-B9A3-96BD7B2E1FB6}.Debug|x86.Build.0 = Debug|Win32
		{33E52B4A-8E73-4A95-B9A3-96BD7B2E1FB6}.Release|x64.ActiveCfg = Release|x64
		{33E52B4A-8E73-4A95-B9A3-96BD7B2E1FB6}.Release|x64.Build.0 = Release|x64
		{33E52B4A-8E73-4A95-B9A3-96BD7B2E1FB6}.Release|x86.ActiveCfg = Release|Win32
		{33E52B4A-8E73-4A95-B9A3-96BD7B2E1FB6}.Release|x86.Build.0 = Release|Win32
		{7AACD69C-140D-48D7-9622-CD4335049EB1}.Debug|x64.ActiveCfg = Debug|x64
		{7AACD69C-140D-48D7-9622-CD4335049EB1}.Debug|x64.Build.0 = Debug|x64
		{7AACD69C-140D-48D7-9622-CD4335049EB1}.Debug|x86.ActiveCfg = Debug|Win32
		{7AACD69C-140D-48D7-9622-CD4335049EB1}.Debug|x86.Build.0 = Debug|Win32
		{7AACD69C-140D-48D7-9622-CD4335049EB1}.Release|x64.ActiveCfg = Release|x64
		{7AACD69C-140D-48D7-9622-CD4335049EB1}.Release|x64.Build.0 = Release|x64
		{7AACD69C-140D-48D7-9622-CD4335049EB1}.Release|x86.ActiveCfg = Release|Win32
		{7AACD69C-140D-48D7-9622-CD4335049EB1}.Release|x86.Build.0 = Release|Win32
	EndGlobalSection
	GlobalSection(SolutionProperties) = preSolution
		HideSolutionNode = FALSE
	EndGlobalSection
	GlobalSection(ExtensibilityGlobals) = postSolution
		SolutionGuid = {B7B4847C-81C1-4CA7-9DBD-72E27C7E802C}
	EndGlobalSection
EndGlobal
