Microsoft Visual Studio Solution File, Format Version 12.00
# Visual Studio Version 17
VisualStudioVersion = 17.8.34330.188
MinimumVisualStudioVersion = 10.0.40219.1
Project("{8BC9CEB8-8B4A-11D0-8D11-00A0C91BC942}") = "tier0", "Dll1.vcxproj", "{FF6A4DE4-E3D3-4F2B-8640-0A4815865FBE}"
EndProject
Project("{8BC9CEB8-8B4A-11D0-8D11-00A0C91BC942}") = "dedi_launch", "dedi_launch\dedi_launch.vcxproj", "{33E52B4A-8E73-4A95-B9A3-96BD7B2E1FB6}"
EndProject
Project("{8BC9CEB8-8B4A-11D0-8D11-00A0C91BC942}") = "vaudio_opus", "vaudio_opus\Dll2.vcxproj", "{7AACD69C-140D-48D7-9622-CD4335049EB1}"
EndProject
Project("{FAE04EC0-301F-11D3-BF4B-00C04F79EFBC}") = "launcher_ex", "launcher_ex\launcher_ex.csproj", "{1F3D2F3E-A000-43A1-B4EC-20A8AEF9D751}"
EndProject
Project("{8BC9CEB8-8B4A-11D0-8D11-00A0C91BC942}") = "launcher", "launch\launcher.vcxproj", "{4E116D7B-5E62-42D8-9649-56B00CC61AB3}"
EndProject
Project("{8BC9CEB8-8B4A-11D0-8D11-00A0C91BC942}") = "materialsystem_nodx_proxy", "materialsystem_nodx_proxy\materialsystem_nodx_proxy.vcxproj", "{2E409025-9D84-4E3D-98F4-D90ED8829C80}"
EndProject
Project("{8BC9CEB8-8B4A-11D0-8D11-00A0C91BC942}") = "coherent_noui_stub", "coherent_noui_stub\coherent_noui_stub.vcxproj", "{5DAE8B09-0C6F-4AA9-B673-294F3A2D6A1B}"
EndProject
Project("{8BC9CEB8-8B4A-11D0-8D11-00A0C91BC942}") = "bugtrap_stub", "bugtrap_stub\bugtrap_stub.vcxproj", "{8B7E3C41-9D2A-4E5F-B6C8-1A3D5F7E9B02}"
EndProject
Project("{8BC9CEB8-8B4A-11D0-8D11-00A0C91BC942}") = "northstar_d3d11_stub", "northstar_stubs\northstar_d3d11_stub.vcxproj", "{22ECAE02-6399-49C2-8F63-AF00691999B5}"
EndProject
Project("{8BC9CEB8-8B4A-11D0-8D11-00A0C91BC942}") = "northstar_gfsdk_ssao_stub", "northstar_stubs\northstar_gfsdk_ssao_stub.vcxproj", "{74CAF399-E7E5-43D2-8C19-10D6ADAF48AA}"
EndProject
Project("{8BC9CEB8-8B4A-11D0-8D11-00A0C91BC942}") = "northstar_gfsdk_txaa_stub", "northstar_stubs\northstar_gfsdk_txaa_stub.vcxproj", "{EC3586F2-5AD5-4CDD-9CE4-241FA90B7ABD}"
EndProject
Global
	GlobalSection(SolutionConfigurationPlatforms) = preSolution
		Debug|Any CPU = Debug|Any CPU
		Debug|x64 = Debug|x64
		Debug|x86 = Debug|x86
		Release|Any CPU = Release|Any CPU
		Release|x64 = Release|x64
		Release|x86 = Release|x86
	EndGlobalSection
	GlobalSection(ProjectConfigurationPlatforms) = postSolution
		{FF6A4DE4-E3D3-4F2B-8640-0A4815865FBE}.Debug|Any CPU.ActiveCfg = Debug|x64
		{FF6A4DE4-E3D3-4F2B-8640-0A4815865FBE}.Debug|Any CPU.Build.0 = Debug|x64
		{FF6A4DE4-E3D3-4F2B-8640-0A4815865FBE}.Debug|x64.ActiveCfg = Debug|x64
		{FF6A4DE4-E3D3-4F2B-8640-0A4815865FBE}.Debug|x64.Build.0 = Debug|x64
		{FF6A4DE4-E3D3-4F2B-8640-0A4815865FBE}.Debug|x86.ActiveCfg = Debug|Win32
		{FF6A4DE4-E3D3-4F2B-8640-0A4815865FBE}.Debug|x86.Build.0 = Debug|Win32
		{FF6A4DE4-E3D3-4F2B-8640-0A4815865FBE}.Release|Any CPU.ActiveCfg = Release|x64
		{FF6A4DE4-E3D3-4F2B-8640-0A4815865FBE}.Release|Any CPU.Build.0 = Release|x64
		{FF6A4DE4-E3D3-4F2B-8640-0A4815865FBE}.Release|x64.ActiveCfg = Release|x64
		{FF6A4DE4-E3D3-4F2B-8640-0A4815865FBE}.Release|x64.Build.0 = Release|x64
		{FF6A4DE4-E3D3-4F2B-8640-0A4815865FBE}.Release|x86.ActiveCfg = Release|Win32
		{FF6A4DE4-E3D3-4F2B-8640-0A4815865FBE}.Release|x86.Build.0 = Release|Win32
		{33E52B4A-8E73-4A95-B9A3-96BD7B2E1FB6}.Debug|Any CPU.ActiveCfg = Debug|x64
		{33E52B4A-8E73-4A95-B9A3-96BD7B2E1FB6}.Debug|Any CPU.Build.0 = Debug|x64
		{33E52B4A-8E73-4A95-B9A3-96BD7B2E1FB6}.Debug|x64.ActiveCfg = Debug|x64
		{33E52B4A-8E73-4A95-B9A3-96BD7B2E1FB6}.Debug|x64.Build.0 = Debug|x64
		{33E52B4A-8E73-4A95-B9A3-96BD7B2E1FB6}.Debug|x86.ActiveCfg = Debug|Win32
		{33E52B4A-8E73-4A95-B9A3-96BD7B2E1FB6}.Debug|x86.Build.0 = Debug|Win32
		{33E52B4A-8E73-4A95-B9A3-96BD7B2E1FB6}.Release|Any CPU.ActiveCfg = Release|x64
		{33E52B4A-8E73-4A95-B9A3-96BD7B2E1FB6}.Release|Any CPU.Build.0 = Release|x64
		{33E52B4A-8E73-4A95-B9A3-96BD7B2E1FB6}.Release|x64.ActiveCfg = Release|x64
		{33E52B4A-8E73-4A95-B9A3-96BD7B2E1FB6}.Release|x64.Build.0 = Release|x64
		{33E52B4A-8E73-4A95-B9A3-96BD7B2E1FB6}.Release|x86.ActiveCfg = Release|Win32
		{33E52B4A-8E73-4A95-B9A3-96BD7B2E1FB6}.Release|x86.Build.0 = Release|Win32
		{7AACD69C-140D-48D7-9622-CD4335049EB1}.Debug|Any CPU.ActiveCfg = Debug|x64
		{7AACD69C-140D-48D7-9622-CD4335049EB1}.Debug|Any CPU.Build.0 = Debug|x64
		{7AACD69C-140D-48D7-9622-CD4335049EB1}.Debug|x64.ActiveCfg = Debug|x64
		{7AACD69C-140D-48D7-9622-CD4335049EB1}.Debug|x64.Build.0 = Debug|x64
		{7AACD69C-140D-48D7-9622-CD4335049EB1}.Debug|x86.ActiveCfg = Debug|Win32
		{7AACD69C-140D-48D7-9622-CD4335049EB1}.Debug|x86.Build.0 = Debug|Win32
		{7AACD69C-140D-48D7-9622-CD4335049EB1}.Release|Any CPU.ActiveCfg = Release|x64
		{7AACD69C-140D-48D7-9622-CD4335049EB1}.Release|Any CPU.Build.0 = Release|x64
		{7AACD69C-140D-48D7-9622-CD4335049EB1}.Release|x64.ActiveCfg = Release|x64
		{7AACD69C-140D-48D7-9622-CD4335049EB1}.Release|x64.Build.0 = Release|x64
		{7AACD69C-140D-48D7-9622-CD4335049EB1}.Release|x86.ActiveCfg = Release|Win32
		{7AACD69C-140D-48D7-9622-CD4335049EB1}.Release|x86.Build.0 = Release|Win32
		{1F3D2F3E-A000-43A1-B4EC-20A8AEF9D751}.Debug|Any CPU.ActiveCfg = Debug|Any CPU
		{1F3D2F3E-A000-43A1-B4EC-20A8AEF9D751}.Debug|Any CPU.Build.0 = Debug|Any CPU
		{1F3D2F3E-A000-43A1-B4EC-20A8AEF9D751}.Debug|x64.ActiveCfg = Debug|Any CPU
		{1F3D2F3E-A000-43A1-B4EC-20A8AEF9D751}.Debug|x64.Build.0 = Debug|Any CPU
		{1F3D2F3E-A000-43A1-B4EC-20A8AEF9D751}.Debug|x86.ActiveCfg = Debug|Any CPU
		{1F3D2F3E-A000-43A1-B4EC-20A8AEF9D751}.Debug|x86.Build.0 = Debug|Any CPU
		{1F3D2F3E-A000-43A1-B4EC-20A8AEF9D751}.Release|Any CPU.ActiveCfg = Release|Any CPU
		{1F3D2F3E-A000-43A1-B4EC-20A8AEF9D751}.Release|Any CPU.Build.0 = Release|Any CPU
		{1F3D2F3E-A000-43A1-B4EC-20A8AEF9D751}.Release|x64.ActiveCfg = Release|Any CPU
		{1F3D2F3E-A000-43A1-B4EC-20A8AEF9D751}.Release|x64.Build.0 = Release|Any CPU
		{1F3D2F3E-A000-43A1-B4EC-20A8AEF9D751}.Release|x86.ActiveCfg = Release|Any CPU
		{1F3D2F3E-A000-43A1-B4EC-20A8AEF9D751}.Release|x86.Build.0 = Release|Any CPU
		{4E116D7B-5E62-42D8-9649-56B00CC61AB3}.Debug|Any CPU.ActiveCfg = Debug|x64
		{4E116D7B-5E62-42D8-9649-56B00CC61AB3}.Debug|Any CPU.Build.0 = Debug|x64
		{4E116D7B-5E62-42D8-9649-56B00CC61AB3}.Debug|x64.ActiveCfg = Debug|x64
		{4E116D7B-5E62-42D8-9649-56B00CC61AB3}.Debug|x64.Build.0 = Debug|x64
		{4E116D7B-5E62-42D8-9649-56B00CC61AB3}.Debug|x86.ActiveCfg = Debug|Win32
		{4E116D7B-5E62-42D8-9649-56B00CC61AB3}.Debug|x86.Build.0 = Debug|Win32
		{4E116D7B-5E62-42D8-9649-56B00CC61AB3}.Release|Any CPU.ActiveCfg = Release|x64
		{4E116D7B-5E62-42D8-9649-56B00CC61AB3}.Release|Any CPU.Build.0 = Release|x64
		{4E116D7B-5E62-42D8-9649-56B00CC61AB3}.Release|x64.ActiveCfg = Release|x64
		{4E116D7B-5E62-42D8-9649-56B00CC61AB3}.Release|x64.Build.0 = Release|x64
		{4E116D7B-5E62-42D8-9649-56B00CC61AB3}.Release|x86.ActiveCfg = Release|Win32
		{4E116D7B-5E62-42D8-9649-56B00CC61AB3}.Release|x86.Build.0 = Release|Win32
		{2E409025-9D84-4E3D-98F4-D90ED8829C80}.Debug|Any CPU.ActiveCfg = Debug|x64
		{2E409025-9D84-4E3D-98F4-D90ED8829C80}.Debug|Any CPU.Build.0 = Debug|x64
		{2E409025-9D84-4E3D-98F4-D90ED8829C80}.Debug|x64.ActiveCfg = Debug|x64
		{2E409025-9D84-4E3D-98F4-D90ED8829C80}.Debug|x64.Build.0 = Debug|x64
		{2E409025-9D84-4E3D-98F4-D90ED8829C80}.Debug|x86.ActiveCfg = Debug|Win32
		{2E409025-9D84-4E3D-98F4-D90ED8829C80}.Debug|x86.Build.0 = Debug|Win32
		{2E409025-9D84-4E3D-98F4-D90ED8829C80}.Release|Any CPU.ActiveCfg = Release|x64
		{2E409025-9D84-4E3D-98F4-D90ED8829C80}.Release|Any CPU.Build.0 = Release|x64
		{2E409025-9D84-4E3D-98F4-D90ED8829C80}.Release|x64.ActiveCfg = Release|x64
		{2E409025-9D84-4E3D-98F4-D90ED8829C80}.Release|x64.Build.0 = Release|x64
		{2E409025-9D84-4E3D-98F4-D90ED8829C80}.Release|x86.ActiveCfg = Release|Win32
		{2E409025-9D84-4E3D-98F4-D90ED8829C80}.Release|x86.Build.0 = Release|Win32
		{5DAE8B09-0C6F-4AA9-B673-294F3A2D6A1B}.Debug|Any CPU.ActiveCfg = Debug|x64
		{5DAE8B09-0C6F-4AA9-B673-294F3A2D6A1B}.Debug|Any CPU.Build.0 = Debug|x64
		{5DAE8B09-0C6F-4AA9-B673-294F3A2D6A1B}.Debug|x64.ActiveCfg = Debug|x64
		{5DAE8B09-0C6F-4AA9-B673-294F3A2D6A1B}.Debug|x64.Build.0 = Debug|x64
		{5DAE8B09-0C6F-4AA9-B673-294F3A2D6A1B}.Debug|x86.ActiveCfg = Debug|Win32
		{5DAE8B09-0C6F-4AA9-B673-294F3A2D6A1B}.Debug|x86.Build.0 = Debug|Win32
		{5DAE8B09-0C6F-4AA9-B673-294F3A2D6A1B}.Release|Any CPU.ActiveCfg = Release|x64
		{5DAE8B09-0C6F-4AA9-B673-294F3A2D6A1B}.Release|Any CPU.Build.0 = Release|x64
		{5DAE8B09-0C6F-4AA9-B673-294F3A2D6A1B}.Release|x64.ActiveCfg = Release|x64
		{5DAE8B09-0C6F-4AA9-B673-294F3A2D6A1B}.Release|x64.Build.0 = Release|x64
		{5DAE8B09-0C6F-4AA9-B673-294F3A2D6A1B}.Release|x86.ActiveCfg = Release|Win32
		{5DAE8B09-0C6F-4AA9-B673-294F3A2D6A1B}.Release|x86.Build.0 = Release|Win32
		{8B7E3C41-9D2A-4E5F-B6C8-1A3D5F7E9B02}.Debug|Any CPU.ActiveCfg = Debug|x64
		{8B7E3C41-9D2A-4E5F-B6C8-1A3D5F7E9B02}.Debug|Any CPU.Build.0 = Debug|x64
		{8B7E3C41-9D2A-4E5F-B6C8-1A3D5F7E9B02}.Debug|x64.ActiveCfg = Debug|x64
		{8B7E3C41-9D2A-4E5F-B6C8-1A3D5F7E9B02}.Debug|x64.Build.0 = Debug|x64
		{8B7E3C41-9D2A-4E5F-B6C8-1A3D5F7E9B02}.Debug|x86.ActiveCfg = Debug|Win32
		{8B7E3C41-9D2A-4E5F-B6C8-1A3D5F7E9B02}.Debug|x86.Build.0 = Debug|Win32
		{8B7E3C41-9D2A-4E5F-B6C8-1A3D5F7E9B02}.Release|Any CPU.ActiveCfg = Release|x64
		{8B7E3C41-9D2A-4E5F-B6C8-1A3D5F7E9B02}.Release|Any CPU.Build.0 = Release|x64
		{8B7E3C41-9D2A-4E5F-B6C8-1A3D5F7E9B02}.Release|x64.ActiveCfg = Release|x64
		{8B7E3C41-9D2A-4E5F-B6C8-1A3D5F7E9B02}.Release|x64.Build.0 = Release|x64
		{8B7E3C41-9D2A-4E5F-B6C8-1A3D5F7E9B02}.Release|x86.ActiveCfg = Release|Win32
		{8B7E3C41-9D2A-4E5F-B6C8-1A3D5F7E9B02}.Release|x86.Build.0 = Release|Win32
		{22ECAE02-6399-49C2-8F63-AF00691999B5}.Debug|Any CPU.ActiveCfg = Debug|x64
		{22ECAE02-6399-49C2-8F63-AF00691999B5}.Debug|Any CPU.Build.0 = Debug|x64
		{22ECAE02-6399-49C2-8F63-AF00691999B5}.Debug|x64.ActiveCfg = Debug|x64
		{22ECAE02-6399-49C2-8F63-AF00691999B5}.Debug|x64.Build.0 = Debug|x64
		{22ECAE02-6399-49C2-8F63-AF00691999B5}.Debug|x86.ActiveCfg = Debug|x64
		{22ECAE02-6399-49C2-8F63-AF00691999B5}.Debug|x86.Build.0 = Debug|x64
		{22ECAE02-6399-49C2-8F63-AF00691999B5}.Release|Any CPU.ActiveCfg = Release|x64
		{22ECAE02-6399-49C2-8F63-AF00691999B5}.Release|Any CPU.Build.0 = Release|x64
		{22ECAE02-6399-49C2-8F63-AF00691999B5}.Release|x64.ActiveCfg = Release|x64
		{22ECAE02-6399-49C2-8F63-AF00691999B5}.Release|x64.Build.0 = Release|x64
		{22ECAE02-6399-49C2-8F63-AF00691999B5}.Release|x86.ActiveCfg = Release|x64
		{22ECAE02-6399-49C2-8F63-AF00691999B5}.Release|x86.Build.0 = Release|x64
		{74CAF399-E7E5-43D2-8C19-10D6ADAF48AA}.Debug|Any CPU.ActiveCfg = Debug|x64
		{74CAF399-E7E5-43D2-8C19-10D6ADAF48AA}.Debug|Any CPU.Build.0 = Debug|x64
		{74CAF399-E7E5-43D2-8C19-10D6ADAF48AA}.Debug|x64.ActiveCfg = Debug|x64
		{74CAF399-E7E5-43D2-8C19-10D6ADAF48AA}.Debug|x64.Build.0 = Debug|x64
		{74CAF399-E7E5-43D2-8C19-10D6ADAF48AA}.Debug|x86.ActiveCfg = Debug|x64
		{74CAF399-E7E5-43D2-8C19-10D6ADAF48AA}.Debug|x86.Build.0 = Debug|x64
		{74CAF399-E7E5-43D2-8C19-10D6ADAF48AA}.Release|Any CPU.ActiveCfg = Release|x64
		{74CAF399-E7E5-43D2-8C19-10D6ADAF48AA}.Release|Any CPU.Build.0 = Release|x64
		{74CAF399-E7E5-43D2-8C19-10D6ADAF48AA}.Release|x64.ActiveCfg = Release|x64
		{74CAF399-E7E5-43D2-8C19-10D6ADAF48AA}.Release|x64.Build.0 = Release|x64
		{74CAF399-E7E5-43D2-8C19-10D6ADAF48AA}.Release|x86.ActiveCfg = Release|x64
		{74CAF399-E7E5-43D2-8C19-10D6ADAF48AA}.Release|x86.Build.0 = Release|x64
		{EC3586F2-5AD5-4CDD-9CE4-241FA90B7ABD}.Debug|Any CPU.ActiveCfg = Debug|x64
		{EC3586F2-5AD5-4CDD-9CE4-241FA90B7ABD}.Debug|Any CPU.Build.0 = Debug|x64
		{EC3586F2-5AD5-4CDD-9CE4-241FA90B7ABD}.Debug|x64.ActiveCfg = Debug|x64
		{EC3586F2-5AD5-4CDD-9CE4-241FA90B7ABD}.Debug|x64.Build.0 = Debug|x64
		{EC3586F2-5AD5-4CDD-9CE4-241FA90B7ABD}.Debug|x86.ActiveCfg = Debug|x64
		{EC3586F2-5AD5-4CDD-9CE4-241FA90B7ABD}.Debug|x86.Build.0 = Debug|x64
		{EC3586F2-5AD5-4CDD-9CE4-241FA90B7ABD}.Release|Any CPU.ActiveCfg = Release|x64
		{EC3586F2-5AD5-4CDD-9CE4-241FA90B7ABD}.Release|Any CPU.Build.0 = Release|x64
		{EC3586F2-5AD5-4CDD-9CE4-241FA90B7ABD}.Release|x64.ActiveCfg = Release|x64
		{EC3586F2-5AD5-4CDD-9CE4-241FA90B7ABD}.Release|x64.Build.0 = Release|x64
		{EC3586F2-5AD5-4CDD-9CE4-241FA90B7ABD}.Release|x86.ActiveCfg = Release|x64
		{EC3586F2-5AD5-4CDD-9CE4-241FA90B7ABD}.Release|x86.Build.0 = Release|x64
	EndGlobalSection
	GlobalSection(SolutionProperties) = preSolution
		HideSolutionNode = FALSE
	EndGlobalSection
	GlobalSection(ExtensibilityGlobals) = postSolution
		SolutionGuid = {B7B4847C-81C1-4CA7-9DBD-72E27C7E802C}
	EndGlobalSection
EndGlobal
