<?xml version="1.0" encoding="utf-8"?>
<Project ToolsVersion="4.0" xmlns="http://schemas.microsoft.com/developer/msbuild/2003">
  <ItemGroup>
    <Filter Include="Source Files">
      <UniqueIdentifier>{4FC737F1-C7A5-4376-A066-2A32D752A2FF}</UniqueIdentifier>
      <Extensions>cpp;c;cc;cxx;c++;cppm;ixx;def;odl;idl;hpj;bat;asm;asmx</Extensions>
    </Filter>
    <Filter Include="Header Files">
      <UniqueIdentifier>{93995380-89BD-4b04-88EB-625FBE52EBFB}</UniqueIdentifier>
      <Extensions>h;hh;hpp;hxx;h++;hm;inl;inc;ipp;xsd</Extensions>
    </Filter>
    <Filter Include="Resource Files">
      <UniqueIdentifier>{67DA6AB6-F800-4c08-8B7A-83BB121AAD01}</UniqueIdentifier>
      <Extensions>rc;ico;cur;bmp;dlg;rc2;rct;bin;rgs;gif;jpg;jpeg;jpe;resx;tiff;tif;png;wav;mfcribbon-ms</Extensions>
    </Filter>
    <Filter Include="3rd Party">
      <UniqueIdentifier>{7118953e-fe40-446a-b35b-5d417b6e18ab}</UniqueIdentifier>
    </Filter>
    <Filter Include="3rd Party\zstd">
      <UniqueIdentifier>{e774be19-0d2b-469c-9983-43af2ea5f1d2}</UniqueIdentifier>
    </Filter>
    <Filter Include="Source Files\sdk">
      <UniqueIdentifier>{3da493e0-1d34-408e-b11e-bfcb5a2a6579}</UniqueIdentifier>
    </Filter>
    <Filter Include="3rd Party\nlohmann">
      <UniqueIdentifier>{d733a0ec-6a08-4454-bed7-aaa45a5a0a33}</UniqueIdentifier>
    </Filter>
  </ItemGroup>
  <ItemGroup>
    <ClInclude Include="framework.h">
      <Filter>Header Files</Filter>
    </ClInclude>
    <ClInclude Include="cvar.h">
      <Filter>Header Files</Filter>
    </ClInclude>
    <ClInclude Include="core.h">
      <Filter>Header Files</Filter>
    </ClInclude>
    <ClInclude Include="factory.h">
      <Filter>Header Files</Filter>
    </ClInclude>
    <ClInclude Include="filesystem.h">
      <Filter>Header Files</Filter>
    </ClInclude>
    <ClInclude Include="memory.h">
      <Filter>Header Files</Filter>
    </ClInclude>
    <ClInclude Include="load.h">
      <Filter>Header Files</Filter>
    </ClInclude>
    <ClInclude Include="TableDestroyer.h">
      <Filter>Header Files</Filter>
    </ClInclude>
    <ClInclude Include="patcher.h">
      <Filter>Header Files</Filter>
    </ClInclude>
    <ClInclude Include="vector.h">
      <Filter>Header Files</Filter>
    </ClInclude>
    <ClInclude Include="bitbuf.h">
      <Filter>Header Files</Filter>
    </ClInclude>
    <ClInclude Include="platform.h">
      <Filter>Header Files</Filter>
    </ClInclude>
    <ClInclude Include="coordsize.h">
      <Filter>Header Files</Filter>
    </ClInclude>
    <ClInclude Include="navmesh.h">
      <Filter>Header Files</Filter>
    </ClInclude>
    <ClInclude Include="utils.h">
      <Filter>Header Files</Filter>
    </ClInclude>
    <ClInclude Include="logging.h">
      <Filter>Header Files</Filter>
    </ClInclude>
    <ClInclude Include="squirrel.h">
      <Filter>Header Files</Filter>
    </ClInclude>
    <ClInclude Include="physics.h">
      <Filter>Header Files</Filter>
    </ClInclude>
    <ClInclude Include="predictionerror.h">
      <Filter>Header Files</Filter>
    </ClInclude>
    <ClInclude Include="netadr.h">
      <Filter>Header Files</Filter>
    </ClInclude>
    <ClInclude Include="sendmoveclampfix.h">
      <Filter>Header Files</Filter>
    </ClInclude>
    <ClInclude Include="dedicated.h">
      <Filter>Header Files</Filter>
    </ClInclude>
    <ClInclude Include="beardbgon.h">
      <Filter>Header Files</Filter>
    </ClInclude>
    <ClInclude Include="client.h">
      <Filter>Header Files</Filter>
    </ClInclude>
    <ClInclude Include="engine.h">
      <Filter>Header Files</Filter>
    </ClInclude>
    <ClInclude Include="filecache.h">
      <Filter>Header Files</Filter>
    </ClInclude>
    <ClInclude Include="model_info.h">
      <Filter>Header Files</Filter>
    </ClInclude>
    <ClInclude Include="keyvalues.h">
      <Filter>Header Files</Filter>
    </ClInclude>
    <ClInclude Include="color.h">
      <Filter>Header Files</Filter>
    </ClInclude>
    <ClInclude Include="compression.h">
      <Filter>Header Files</Filter>
    </ClInclude>
    <ClInclude Include="vsdk\public\winlite.h">
      <Filter>Source Files\sdk</Filter>
    </ClInclude>
    <ClInclude Include="vsdk\public\tier0\wchartypes.h">
      <Filter>Source Files\sdk</Filter>
    </ClInclude>
    <ClInclude Include="vsdk\public\tier0\vprof.h">
      <Filter>Source Files\sdk</Filter>
    </ClInclude>
    <ClInclude Include="vsdk\public\tier0\valve_tracelogging.h">
      <Filter>Source Files\sdk</Filter>
    </ClInclude>
    <ClInclude Include="vsdk\public\tier0\valve_on.h">
      <Filter>Source Files\sdk</Filter>
    </ClInclude>
    <ClInclude Include="vsdk\public\tier0\valve_off.h">
      <Filter>Source Files\sdk</Filter>
    </ClInclude>
    <ClInclude Include="vsdk\public\tier1\utlvector.h">
      <Filter>Source Files\sdk</Filter>
    </ClInclude>
    <ClInclude Include="vsdk\public\tier1\utlpriorityqueue.h">
      <Filter>Source Files\sdk</Filter>
    </ClInclude>
    <ClInclude Include="vsdk\public\tier1\utlmemory.h">
      <Filter>Source Files\sdk</Filter>
    </ClInclude>
    <ClInclude Include="vsdk\public\tier1\utllinkedlist.h">
      <Filter>Source Files\sdk</Filter>
    </ClInclude>
    <ClInclude Include="vsdk\public\tier1\utliterator.h">
      <Filter>Source Files\sdk</Filter>
    </ClInclude>
    <ClInclude Include="vsdk\public\tier1\utlhashmap.h">
      <Filter>Source Files\sdk</Filter>
    </ClInclude>
    <ClInclude Include="vsdk\public\tier1\utlbuffer.h">
      <Filter>Source Files\sdk</Filter>
    </ClInclude>
    <ClInclude Include="vsdk\public\tier0\t0constants.h">
      <Filter>Source Files\sdk</Filter>
    </ClInclude>
    <ClInclude Include="vsdk\public\vstdlib\strtools.h">
      <Filter>Source Files\sdk</Filter>
    </ClInclude>
    <ClInclude Include="vsdk\public\vstdlib\random.h">
      <Filter>Source Files\sdk</Filter>
    </ClInclude>
    <ClInclude Include="vsdk\public\tier0\platformtime.h">
      <Filter>Source Files\sdk</Filter>
    </ClInclude>
    <ClInclude Include="vsdk\public\tier0\platform_sockets.h">
      <Filter>Source Files\sdk</Filter>
    </ClInclude>
    <ClInclude Include="vsdk\public\tier0\platform.h">
      <Filter>Source Files\sdk</Filter>
    </ClInclude>
    <ClInclude Include="vsdk\public\tier1\netadr.h">
      <Filter>Source Files\sdk</Filter>
    </ClInclude>
    <ClInclude Include="vsdk\public\minbase\minbase_warnings.h">
      <Filter>Source Files\sdk</Filter>
    </ClInclude>
    <ClInclude Include="vsdk\public\minbase\minbase_types.h">
      <Filter>Source Files\sdk</Filter>
    </ClInclude>
    <ClInclude Include="vsdk\public\minbase\minbase_securezeromemory_impl.h">
      <Filter>Source Files\sdk</Filter>
    </ClInclude>
    <ClInclude Include="vsdk\public\minbase\minbase_macros.h">
      <Filter>Source Files\sdk</Filter>
    </ClInclude>
    <ClInclude Include="vsdk\public\minbase\minbase_limits.h">
      <Filter>Source Files\sdk</Filter>
    </ClInclude>
    <ClInclude Include="vsdk\public\minbase\minbase_identify.h">
      <Filter>Source Files\sdk</Filter>
    </ClInclude>
    <ClInclude Include="vsdk\public\minbase\minbase_endian.h">
      <Filter>Source Files\sdk</Filter>
    </ClInclude>
    <ClInclude Include="vsdk\public\minbase\minbase_decls.h">
      <Filter>Source Files\sdk</Filter>
    </ClInclude>
    <ClInclude Include="vsdk\public\minbase\minbase_annotations.h">
      <Filter>Source Files\sdk</Filter>
    </ClInclude>
    <ClInclude Include="vsdk\public\tier0\memdbgon.h">
      <Filter>Source Files\sdk</Filter>
    </ClInclude>
    <ClInclude Include="vsdk\public\tier0\memdbgoff.h">
      <Filter>Source Files\sdk</Filter>
    </ClInclude>
    <ClInclude Include="vsdk\tier1\ipv6text.h">
      <Filter>Source Files\sdk</Filter>
    </ClInclude>
    <ClInclude Include="vsdk\public\tier1\fmtstr.h">
      <Filter>Source Files\sdk</Filter>
    </ClInclude>
    <ClInclude Include="vsdk\public\tier0\dbg.h">
      <Filter>Source Files\sdk</Filter>
    </ClInclude>
    <ClInclude Include="vsdk\public\tier0\basetypes.h">
      <Filter>Source Files\sdk</Filter>
    </ClInclude>
    <ClInclude Include="vsdk\public\bitvec.h">
      <Filter>Source Files\sdk</Filter>
    </ClInclude>
    <ClInclude Include="vsdk\public\vector.h">
      <Filter>Source Files\sdk</Filter>
    </ClInclude>
    <ClInclude Include="vsdk\public\vector2d.h">
      <Filter>Source Files\sdk</Filter>
    </ClInclude>
    <ClInclude Include="vsdk\public\math_pfns.h">
      <Filter>Source Files\sdk</Filter>
    </ClInclude>
    <ClInclude Include="persistentdata.h">
      <Filter>Header Files</Filter>
    </ClInclude>
    <ClInclude Include="weaponxdebug.h">
      <Filter>Header Files</Filter>
    </ClInclude>
    <ClInclude Include="netchanwarnings.h">
      <Filter>Header Files</Filter>
    </ClInclude>
    <ClInclude Include="thirdparty\nlohmann\json.hpp">
      <Filter>3rd Party\nlohmann</Filter>
    </ClInclude>
    <ClInclude Include="thirdparty\nlohmann\json_fwd.hpp">
      <Filter>3rd Party\nlohmann</Filter>
    </ClInclude>
    <ClInclude Include="masterserver.h">
      <Filter>Header Files</Filter>
    </ClInclude>
    <ClInclude Include="thirdparty\zstd\zstd.h">
      <Filter>Header Files</Filter>
    </ClInclude>
    <ClInclude Include="arena.hh">
      <Filter>Header Files</Filter>
    </ClInclude>
    <ClInclude Include="tctx.hh">
      <Filter>Header Files</Filter>
    </ClInclude>
    <ClInclude Include="security_fixes.hh">
      <Filter>Header Files</Filter>
    </ClInclude>
    <ClInclude Include="steam.h">
      <Filter>Header Files</Filter>
    </ClInclude>
  </ItemGroup>
  <ItemGroup>
    <ClCompile Include="dllmain.cpp">
      <Filter>Source Files</Filter>
    </ClCompile>
    <ClCompile Include="cvar.cpp">
      <Filter>Source Files</Filter>
    </ClCompile>
    <ClCompile Include="factory.cpp">
      <Filter>Source Files</Filter>
    </ClCompile>
    <ClCompile Include="filesystem.cpp">
      <Filter>Source Files</Filter>
    </ClCompile>
    <ClCompile Include="load.cpp">
      <Filter>Source Files</Filter>
    </ClCompile>
    <ClCompile Include="memory.cpp">
      <Filter>Source Files</Filter>
    </ClCompile>
    <ClCompile Include="TableDestroyer.cpp">
      <Filter>Source Files</Filter>
    </ClCompile>
    <ClCompile Include="patcher.cpp">
      <Filter>Source Files</Filter>
    </ClCompile>
    <ClCompile Include="bitbuf.cpp">
      <Filter>Source Files</Filter>
    </ClCompile>
    <ClCompile Include="newbitbuf.cpp">
      <Filter>Source Files</Filter>
    </ClCompile>
    <ClCompile Include="navmesh.cpp">
      <Filter>Source Files</Filter>
    </ClCompile>
    <ClCompile Include="utils.cpp">
      <Filter>Source Files</Filter>
    </ClCompile>
    <ClCompile Include="squirrel.cpp">
      <Filter>Source Files</Filter>
    </ClCompile>
    <ClCompile Include="logging.cpp">
      <Filter>Source Files</Filter>
    </ClCompile>
    <ClCompile Include="predictionerror.cpp">
      <Filter>Source Files</Filter>
    </ClCompile>
    <ClCompile Include="sendmoveclampfix.cpp">
      <Filter>Source Files</Filter>
    </ClCompile>
    <ClCompile Include="dedicated.cpp">
      <Filter>Source Files</Filter>
    </ClCompile>
    <ClCompile Include="client.cpp">
      <Filter>Source Files</Filter>
    </ClCompile>
    <ClCompile Include="engine.cpp">
      <Filter>Source Files</Filter>
    </ClCompile>
    <ClCompile Include="filecache.cpp">
      <Filter>Source Files</Filter>
    </ClCompile>
    <ClCompile Include="model_info.cpp">
      <Filter>Source Files</Filter>
    </ClCompile>
    <ClCompile Include="keyvalues.cpp">
      <Filter>Source Files</Filter>
    </ClCompile>
    <ClCompile Include="compression.cpp">
      <Filter>Source Files</Filter>
    </ClCompile>
    <ClCompile Include="vsdk\tier0\valve_tracelogging.cpp">
      <Filter>Source Files\sdk</Filter>
    </ClCompile>
    <ClCompile Include="vsdk\tier1\utlbuffer.cpp">
      <Filter>Source Files\sdk</Filter>
    </ClCompile>
    <ClCompile Include="vsdk\vstdlib\strtools.cpp">
      <Filter>Source Files\sdk</Filter>
    </ClCompile>
    <ClCompile Include="vsdk\tier0\platformtime.cpp">
      <Filter>Source Files\sdk</Filter>
    </ClCompile>
    <ClCompile Include="vsdk\tier1\netadr.cpp">
      <Filter>Source Files\sdk</Filter>
    </ClCompile>
    <ClCompile Include="vsdk\tier1\ipv6text.c">
      <Filter>Source Files\sdk</Filter>
    </ClCompile>
    <ClCompile Include="vsdk\tier0\dbg.cpp">
      <Filter>Source Files\sdk</Filter>
    </ClCompile>
    <ClCompile Include="persistentdata.cpp">
      <Filter>Source Files</Filter>
    </ClCompile>
    <ClCompile Include="netchanwarnings.cpp">
      <Filter>Source Files</Filter>
    </ClCompile>
    <ClCompile Include="masterserver.cpp">
      <Filter>Source Files</Filter>
    </ClCompile>
    <ClCompile Include="arena.cc">
      <Filter>Source Files</Filter>
    </ClCompile>
    <ClCompile Include="tctx.cpp">
      <Filter>Source Files</Filter>
    </ClCompile>
    <ClCompile Include="security_fixes.cc">
      <Filter>Source Files</Filter>
    </ClCompile>
    <ClCompile Include="steam.cpp">
      <Filter>Source Files</Filter>
    </ClCompile>
  </ItemGroup>
  <ItemGroup>
    <None Include="packages.config" />
  </ItemGroup>
  <ItemGroup>
    <MASM Include="NetChanFixes.asm">
      <Filter>Source Files</Filter>
    </MASM>
  </ItemGroup>
  <ItemGroup>
    <Natvis Include="base.natvis" />
  </ItemGroup>
  <ItemGroup>
    <CustomBuild Include="server.capnp" />
  </ItemGroup>
</Project>