<?xml version="1.0" encoding="utf-8"?>
<Project ToolsVersion="4.0" xmlns="http://schemas.microsoft.com/developer/msbuild/2003">
  <ItemGroup>
    <ClCompile Include="bitbuf.cpp" />
    <ClCompile Include="client.cpp" />
    <ClCompile Include="compression.cpp" />
    <ClCompile Include="cvar.cpp" />
    <ClCompile Include="dedicated.cpp" />
    <ClCompile Include="dllmain.cpp" />
    <ClCompile Include="engine.cpp" />
    <ClCompile Include="factory.cpp" />
    <ClCompile Include="filecache.cpp" />
    <ClCompile Include="filesystem.cpp" />
    <ClCompile Include="keyvalues.cpp" />
    <ClCompile Include="load.cpp" />
    <ClCompile Include="logging.cpp" />
    <ClCompile Include="masterserver.cpp" />
    <ClCompile Include="memory.cpp" />
    <ClCompile Include="model_info.cpp" />
    <ClCompile Include="navmesh.cpp" />
    <ClCompile Include="netchanwarnings.cpp" />
    <ClCompile Include="newbitbuf.cpp" />
    <ClCompile Include="patcher.cpp" />
    <ClCompile Include="persistentdata.cpp" />
    <ClCompile Include="predictionerror.cpp" />
    <ClCompile Include="sendmoveclampfix.cpp" />
    <ClCompile Include="squirrel.cpp" />
    <ClCompile Include="TableDestroyer.cpp" />
    <ClCompile Include="thirdparty\zstd\zstd.c" />
    <ClCompile Include="utils.cpp" />
    <ClCompile Include="voice.cpp" />
    <ClCompile Include="vsdk\tier0\dbg.cpp" />
    <ClCompile Include="vsdk\tier0\platformtime.cpp" />
    <ClCompile Include="vsdk\tier0\valve_tracelogging.cpp" />
    <ClCompile Include="vsdk\tier1\ipv6text.c" />
    <ClCompile Include="vsdk\tier1\netadr.cpp" />
    <ClCompile Include="vsdk\tier1\utlbuffer.cpp" />
    <ClCompile Include="vsdk\vstdlib\strtools.cpp" />
    <ClCompile Include="weaponxdebug.cpp" />
    <ClCompile Include="cmd.cpp" />
  </ItemGroup>
  <ItemGroup>
    <ClInclude Include="beardbgon.h" />
    <ClInclude Include="bitbuf.h" />
    <ClInclude Include="client.h" />
    <ClInclude Include="color.h" />
    <ClInclude Include="compression.h" />
    <ClInclude Include="coordsize.h" />
    <ClInclude Include="core.h" />
    <ClInclude Include="cvar.h" />
    <ClInclude Include="dedicated.h" />
    <ClInclude Include="engine.h" />
    <ClInclude Include="factory.h" />
    <ClInclude Include="filecache.h" />
    <ClInclude Include="filesystem.h" />
    <ClInclude Include="framework.h" />
    <ClInclude Include="keyvalues.h" />
    <ClInclude Include="load.h" />
    <ClInclude Include="logging.h" />
    <ClInclude Include="masterserver.h" />
    <ClInclude Include="memory.h" />
    <ClInclude Include="model_info.h" />
    <ClInclude Include="navmesh.h" />
    <ClInclude Include="netadr.h" />
    <ClInclude Include="netchanwarnings.h" />
    <ClInclude Include="patcher.h" />
    <ClInclude Include="persistentdata.h" />
    <ClInclude Include="physics.h" />
    <ClInclude Include="platform.h" />
    <ClInclude Include="predictionerror.h" />
    <ClInclude Include="sendmoveclampfix.h" />
    <ClInclude Include="squirrel.h" />
    <ClInclude Include="TableDestroyer.h" />
    <ClInclude Include="thirdparty\nlohmann\json.hpp" />
    <ClInclude Include="thirdparty\nlohmann\json_fwd.hpp" />
    <ClInclude Include="thirdparty\zstd\zstd.h" />
    <ClInclude Include="utils.h" />
    <ClInclude Include="vector.h" />
    <ClInclude Include="voice.h" />
    <ClInclude Include="vsdk\public\bitvec.h" />
    <ClInclude Include="vsdk\public\math_pfns.h" />
    <ClInclude Include="vsdk\public\minbase\minbase_annotations.h" />
    <ClInclude Include="vsdk\public\minbase\minbase_decls.h" />
    <ClInclude Include="vsdk\public\minbase\minbase_endian.h" />
    <ClInclude Include="vsdk\public\minbase\minbase_identify.h" />
    <ClInclude Include="vsdk\public\minbase\minbase_limits.h" />
    <ClInclude Include="vsdk\public\minbase\minbase_macros.h" />
    <ClInclude Include="vsdk\public\minbase\minbase_securezeromemory_impl.h" />
    <ClInclude Include="vsdk\public\minbase\minbase_types.h" />
    <ClInclude Include="vsdk\public\minbase\minbase_warnings.h" />
    <ClInclude Include="vsdk\public\tier0\basetypes.h" />
    <ClInclude Include="vsdk\public\tier0\dbg.h" />
    <ClInclude Include="vsdk\public\tier0\memdbgoff.h" />
    <ClInclude Include="vsdk\public\tier0\memdbgon.h" />
    <ClInclude Include="vsdk\public\tier0\platform.h" />
    <ClInclude Include="vsdk\public\tier0\platformtime.h" />
    <ClInclude Include="vsdk\public\tier0\platform_sockets.h" />
    <ClInclude Include="vsdk\public\tier0\t0constants.h" />
    <ClInclude Include="vsdk\public\tier0\valve_off.h" />
    <ClInclude Include="vsdk\public\tier0\valve_on.h" />
    <ClInclude Include="vsdk\public\tier0\valve_tracelogging.h" />
    <ClInclude Include="vsdk\public\tier0\vprof.h" />
    <ClInclude Include="vsdk\public\tier0\wchartypes.h" />
    <ClInclude Include="vsdk\public\tier1\fmtstr.h" />
    <ClInclude Include="vsdk\public\tier1\netadr.h" />
    <ClInclude Include="vsdk\public\tier1\utlblockmemory.h" />
    <ClInclude Include="vsdk\public\tier1\utlbuffer.h" />
    <ClInclude Include="vsdk\public\tier1\utldict.h" />
    <ClInclude Include="vsdk\public\tier1\utlfixedmemory.h" />
    <ClInclude Include="vsdk\public\tier1\utlhashmap.h" />
    <ClInclude Include="vsdk\public\tier1\utliterator.h" />
    <ClInclude Include="vsdk\public\tier1\utllinkedlist.h" />
    <ClInclude Include="vsdk\public\tier1\utlmap.h" />
    <ClInclude Include="vsdk\public\tier1\utlmemory.h" />
    <ClInclude Include="vsdk\public\tier1\utlpriorityqueue.h" />
    <ClInclude Include="vsdk\public\tier1\utlrbtree.h" />
    <ClInclude Include="vsdk\public\tier1\utlstring.h" />
    <ClInclude Include="vsdk\public\tier1\utlvector.h" />
    <ClInclude Include="vsdk\public\vector.h" />
    <ClInclude Include="vsdk\public\vector2d.h" />
    <ClInclude Include="vsdk\public\vstdlib\random.h" />
    <ClInclude Include="vsdk\public\vstdlib\strtools.h" />
    <ClInclude Include="vsdk\public\winlite.h" />
    <ClInclude Include="vsdk\tier1\ipv6text.h" />
    <ClInclude Include="weaponxdebug.h" />
    <ClInclude Include="cmd.h" />
  </ItemGroup>
  <ItemGroup>
    <None Include="packages.config" />
  </ItemGroup>
  <ItemGroup>
    <Natvis Include="base.natvis" />
  </ItemGroup>
  <ItemGroup>
    <MASM Include="NetChanFixes.asm" />
  </ItemGroup>
</Project>