<?xml version="1.0" encoding="utf-8"?>
<Project ToolsVersion="4.0" xmlns="http://schemas.microsoft.com/developer/msbuild/2003">
  <ItemGroup>
    <Filter Include="engine">
      <UniqueIdentifier>{4FC737F1-C7A5-4376-A066-2A32D752A2FF}</UniqueIdentifier>
    </Filter>
    <Filter Include="engine\core">
      <UniqueIdentifier>{a1b2c3d4-e5f6-7890-abcd-ef1234567890}</UniqueIdentifier>
    </Filter>
    <Filter Include="engine\hooks">
      <UniqueIdentifier>{a1b2c3d4-e5f6-7890-abcd-ef1234567891}</UniqueIdentifier>
    </Filter>
    <Filter Include="engine\vtable_remaps">
      <UniqueIdentifier>{a1b2c3d4-e5f6-7890-abcd-ef1234567892}</UniqueIdentifier>
    </Filter>
    <Filter Include="engine\filesystem">
      <UniqueIdentifier>{a1b2c3d4-e5f6-7890-abcd-ef1234567893}</UniqueIdentifier>
    </Filter>
    <Filter Include="engine\memory">
      <UniqueIdentifier>{a1b2c3d4-e5f6-7890-abcd-ef1234567894}</UniqueIdentifier>
    </Filter>
    <Filter Include="engine\logging">
      <UniqueIdentifier>{a1b2c3d4-e5f6-7890-abcd-ef1234567895}</UniqueIdentifier>
    </Filter>
    <Filter Include="engine\net">
      <UniqueIdentifier>{a1b2c3d4-e5f6-7890-abcd-ef1234567896}</UniqueIdentifier>
    </Filter>
    <Filter Include="client">
      <UniqueIdentifier>{93995380-89BD-4b04-88EB-625FBE52EBFB}</UniqueIdentifier>
    </Filter>
    <Filter Include="client\audio">
      <UniqueIdentifier>{b1b2c3d4-e5f6-7890-abcd-ef1234567890}</UniqueIdentifier>
    </Filter>
    <Filter Include="client\rendering">
      <UniqueIdentifier>{b1b2c3d4-e5f6-7890-abcd-ef1234567891}</UniqueIdentifier>
    </Filter>
    <Filter Include="server">
      <UniqueIdentifier>{67DA6AB6-F800-4c08-8B7A-83BB121AAD01}</UniqueIdentifier>
    </Filter>
    <Filter Include="server\physics">
      <UniqueIdentifier>{c1b2c3d4-e5f6-7890-abcd-ef1234567890}</UniqueIdentifier>
    </Filter>
    <Filter Include="server\ai">
      <UniqueIdentifier>{c1b2c3d4-e5f6-7890-abcd-ef1234567891}</UniqueIdentifier>
    </Filter>
    <Filter Include="shared">
      <UniqueIdentifier>{d1b2c3d4-e5f6-7890-abcd-ef1234567890}</UniqueIdentifier>
    </Filter>
    <Filter Include="sdk">
      <UniqueIdentifier>{3da493e0-1d34-408e-b11e-bfcb5a2a6579}</UniqueIdentifier>
    </Filter>
    <Filter Include="eos">
      <UniqueIdentifier>{e1b2c3d4-e5f6-7890-abcd-ef1234567890}</UniqueIdentifier>
    </Filter>
    <Filter Include="thirdparty">
      <UniqueIdentifier>{7118953e-fe40-446a-b35b-5d417b6e18ab}</UniqueIdentifier>
    </Filter>
    <Filter Include="thirdparty\jwt">
      <UniqueIdentifier>{f1b2c3d4-e5f6-7890-abcd-ef1234567890}</UniqueIdentifier>
    </Filter>
    <Filter Include="vsdk">
      <UniqueIdentifier>{01b2c3d4-e5f6-7890-abcd-ef1234567890}</UniqueIdentifier>
    </Filter>
    <Filter Include="vsdk\public">
      <UniqueIdentifier>{01b2c3d4-e5f6-7890-abcd-ef1234567891}</UniqueIdentifier>
    </Filter>
    <Filter Include="vsdk\public\minbase">
      <UniqueIdentifier>{01b2c3d4-e5f6-7890-abcd-ef1234567892}</UniqueIdentifier>
    </Filter>
    <Filter Include="vsdk\public\tier0">
      <UniqueIdentifier>{01b2c3d4-e5f6-7890-abcd-ef1234567893}</UniqueIdentifier>
    </Filter>
    <Filter Include="vsdk\public\tier1">
      <UniqueIdentifier>{01b2c3d4-e5f6-7890-abcd-ef1234567894}</UniqueIdentifier>
    </Filter>
    <Filter Include="vsdk\public\vstdlib">
      <UniqueIdentifier>{01b2c3d4-e5f6-7890-abcd-ef1234567895}</UniqueIdentifier>
    </Filter>
    <Filter Include="vsdk\tier0">
      <UniqueIdentifier>{01b2c3d4-e5f6-7890-abcd-ef1234567896}</UniqueIdentifier>
    </Filter>
    <Filter Include="vsdk\tier1">
      <UniqueIdentifier>{01b2c3d4-e5f6-7890-abcd-ef1234567897}</UniqueIdentifier>
    </Filter>
    <Filter Include="vsdk\vstdlib">
      <UniqueIdentifier>{01b2c3d4-e5f6-7890-abcd-ef1234567898}</UniqueIdentifier>
    </Filter>
    <Filter Include="Resource Files">
      <UniqueIdentifier>{11b2c3d4-e5f6-7890-abcd-ef1234567890}</UniqueIdentifier>
      <Extensions>rc;ico;cur;bmp;dlg;rc2;rct;bin;rgs;gif;jpg;jpeg;jpe;resx;tiff;tif;png;wav;mfcribbon-ms</Extensions>
    </Filter>
  </ItemGroup>
  <ItemGroup>
    <!-- engine\core -->
    <ClInclude Include="engine\core\appsystem.h">
      <Filter>engine\core</Filter>
    </ClInclude>
    <ClInclude Include="engine\core\core.h">
      <Filter>engine\core</Filter>
    </ClInclude>
    <ClInclude Include="engine\core\factory.h">
      <Filter>engine\core</Filter>
    </ClInclude>
    <ClInclude Include="engine\core\framework.h">
      <Filter>engine\core</Filter>
    </ClInclude>
    <ClInclude Include="engine\core\load.h">
      <Filter>engine\core</Filter>
    </ClInclude>
    <!-- engine\hooks -->
    <ClInclude Include="engine\hooks\patcher.h">
      <Filter>engine\hooks</Filter>
    </ClInclude>
    <!-- engine\vtable_remaps -->
    <ClInclude Include="engine\vtable_remaps\engine_vtable.h">
      <Filter>engine\vtable_remaps</Filter>
    </ClInclude>
    <ClInclude Include="engine\vtable_remaps\model_info_vtable.h">
      <Filter>engine\vtable_remaps</Filter>
    </ClInclude>
    <ClInclude Include="engine\vtable_tools.h">
      <Filter>engine</Filter>
    </ClInclude>
    <!-- engine\filesystem -->
    <ClInclude Include="engine\filesystem\filecache.h">
      <Filter>engine\filesystem</Filter>
    </ClInclude>
    <ClInclude Include="engine\filesystem\filesystem.h">
      <Filter>engine\filesystem</Filter>
    </ClInclude>
    <!-- engine\memory -->
    <ClInclude Include="engine\memory\arena.h">
      <Filter>engine\memory</Filter>
    </ClInclude>
    <ClInclude Include="engine\memory\memory.h">
      <Filter>engine\memory</Filter>
    </ClInclude>
    <ClInclude Include="engine\memory\tctx.h">
      <Filter>engine\memory</Filter>
    </ClInclude>
    <!-- engine\logging -->
    <ClInclude Include="engine\logging\crashhandler.h">
      <Filter>engine\logging</Filter>
    </ClInclude>
    <ClInclude Include="engine\logging\logging.h">
      <Filter>engine\logging</Filter>
    </ClInclude>
    <!-- engine\net -->
    <ClInclude Include="engine\net\masterserver.h">
      <Filter>engine\net</Filter>
    </ClInclude>
    <ClInclude Include="engine\net\netchanwarnings.h">
      <Filter>engine\net</Filter>
    </ClInclude>
    <ClInclude Include="engine\net\net_hooks.h">
      <Filter>engine\net</Filter>
    </ClInclude>
    <ClInclude Include="engine\net\networking.h">
      <Filter>engine\net</Filter>
    </ClInclude>
    <!-- engine (root) -->
    <ClInclude Include="engine\auth.h">
      <Filter>engine</Filter>
    </ClInclude>
    <ClInclude Include="engine\compression.h">
      <Filter>engine</Filter>
    </ClInclude>
    <ClInclude Include="engine\cvar.h">
      <Filter>engine</Filter>
    </ClInclude>
    <ClInclude Include="engine\dedicated.h">
      <Filter>engine</Filter>
    </ClInclude>
    <ClInclude Include="engine\mcp_server.h">
      <Filter>engine</Filter>
    </ClInclude>
    <ClInclude Include="engine\precache.h">
      <Filter>engine</Filter>
    </ClInclude>
    <ClInclude Include="engine\security_fixes.h">
      <Filter>engine</Filter>
    </ClInclude>
    <ClInclude Include="engine\sendmoveclampfix.h">
      <Filter>engine</Filter>
    </ClInclude>
    <ClInclude Include="engine\sv_filter.h">
      <Filter>engine</Filter>
    </ClInclude>
    <!-- client -->
    <ClInclude Include="client\client.h">
      <Filter>client</Filter>
    </ClInclude>
    <ClInclude Include="client\discord.h">
      <Filter>client</Filter>
    </ClInclude>
    <ClInclude Include="client\localchatwriter.h">
      <Filter>client</Filter>
    </ClInclude>
    <ClInclude Include="client\localize.h">
      <Filter>client</Filter>
    </ClInclude>
    <ClInclude Include="client\predictionerror.h">
      <Filter>client</Filter>
    </ClInclude>
    <!-- client\audio -->
    <ClInclude Include="client\audio\audio.h">
      <Filter>client\audio</Filter>
    </ClInclude>
    <ClInclude Include="client\audio\audio_cache.h">
      <Filter>client\audio</Filter>
    </ClInclude>
    <ClInclude Include="client\audio\audio_device.h">
      <Filter>client\audio</Filter>
    </ClInclude>
    <!-- client\rendering -->
    <ClInclude Include="client\rendering\hudwarp.h">
      <Filter>client\rendering</Filter>
    </ClInclude>
    <ClInclude Include="client\rendering\hudwarp_hooks.h">
      <Filter>client\rendering</Filter>
    </ClInclude>
    <ClInclude Include="client\rendering\surfacerender.h">
      <Filter>client\rendering</Filter>
    </ClInclude>
    <ClInclude Include="client\rendering\vguisurface.h">
      <Filter>client\rendering</Filter>
    </ClInclude>
    <!-- server -->
    <ClInclude Include="server\chat.h">
      <Filter>server</Filter>
    </ClInclude>
    <ClInclude Include="server\misc.h">
      <Filter>server</Filter>
    </ClInclude>
    <ClInclude Include="server\usermessages.h">
      <Filter>server</Filter>
    </ClInclude>
    <!-- server\physics -->
    <ClInclude Include="server\physics\physics.h">
      <Filter>server\physics</Filter>
    </ClInclude>
    <ClInclude Include="server\physics\physics_hooks.h">
      <Filter>server\physics</Filter>
    </ClInclude>
    <!-- server\ai -->
    <ClInclude Include="server\ai\bot.h">
      <Filter>server\ai</Filter>
    </ClInclude>
    <ClInclude Include="server\ai\navmesh.h">
      <Filter>server\ai</Filter>
    </ClInclude>
    <!-- shared -->
    <ClInclude Include="shared\commands.h">
      <Filter>shared</Filter>
    </ClInclude>
    <ClInclude Include="shared\persistentdata.h">
      <Filter>shared</Filter>
    </ClInclude>
    <ClInclude Include="shared\squirrel.h">
      <Filter>shared</Filter>
    </ClInclude>
    <!-- sdk -->
    <ClInclude Include="sdk\bitbuf.h">
      <Filter>sdk</Filter>
    </ClInclude>
    <ClInclude Include="sdk\color.h">
      <Filter>sdk</Filter>
    </ClInclude>
    <ClInclude Include="sdk\coordsize.h">
      <Filter>sdk</Filter>
    </ClInclude>
    <ClInclude Include="sdk\keyvalues.h">
      <Filter>sdk</Filter>
    </ClInclude>
    <ClInclude Include="sdk\netadr.h">
      <Filter>sdk</Filter>
    </ClInclude>
    <ClInclude Include="sdk\vector.h">
      <Filter>sdk</Filter>
    </ClInclude>
    <!-- eos -->
    <ClInclude Include="eos\eos_layer.h">
      <Filter>eos</Filter>
    </ClInclude>
    <ClInclude Include="eos\eos_logging_manager.h">
      <Filter>eos</Filter>
    </ClInclude>
    <ClInclude Include="eos\eos_network.h">
      <Filter>eos</Filter>
    </ClInclude>
    <ClInclude Include="eos\fake_ip_layer.h">
      <Filter>eos</Filter>
    </ClInclude>
    <!-- thirdparty -->
    <ClInclude Include="thirdparty\jwt\jwt_compact.h">
      <Filter>thirdparty\jwt</Filter>
    </ClInclude>
    <!-- root files -->
    <ClInclude Include="beardbgon.h" />
    <ClInclude Include="platform.h" />
    <ClInclude Include="player.h" />
    <ClInclude Include="r1d_version.h" />
    <ClInclude Include="resource.h" />
    <ClInclude Include="TableDestroyer.h" />
    <ClInclude Include="weaponxdebug.h" />
    <!-- vsdk -->
    <ClInclude Include="vsdk\public\bitvec.h">
      <Filter>vsdk\public</Filter>
    </ClInclude>
    <ClInclude Include="vsdk\public\math_pfns.h">
      <Filter>vsdk\public</Filter>
    </ClInclude>
    <ClInclude Include="vsdk\public\vector.h">
      <Filter>vsdk\public</Filter>
    </ClInclude>
    <ClInclude Include="vsdk\public\vector2d.h">
      <Filter>vsdk\public</Filter>
    </ClInclude>
    <ClInclude Include="vsdk\public\winlite.h">
      <Filter>vsdk\public</Filter>
    </ClInclude>
    <ClInclude Include="vsdk\public\minbase\minbase_annotations.h">
      <Filter>vsdk\public\minbase</Filter>
    </ClInclude>
    <ClInclude Include="vsdk\public\minbase\minbase_decls.h">
      <Filter>vsdk\public\minbase</Filter>
    </ClInclude>
    <ClInclude Include="vsdk\public\minbase\minbase_endian.h">
      <Filter>vsdk\public\minbase</Filter>
    </ClInclude>
    <ClInclude Include="vsdk\public\minbase\minbase_identify.h">
      <Filter>vsdk\public\minbase</Filter>
    </ClInclude>
    <ClInclude Include="vsdk\public\minbase\minbase_limits.h">
      <Filter>vsdk\public\minbase</Filter>
    </ClInclude>
    <ClInclude Include="vsdk\public\minbase\minbase_macros.h">
      <Filter>vsdk\public\minbase</Filter>
    </ClInclude>
    <ClInclude Include="vsdk\public\minbase\minbase_securezeromemory_impl.h">
      <Filter>vsdk\public\minbase</Filter>
    </ClInclude>
    <ClInclude Include="vsdk\public\minbase\minbase_types.h">
      <Filter>vsdk\public\minbase</Filter>
    </ClInclude>
    <ClInclude Include="vsdk\public\minbase\minbase_warnings.h">
      <Filter>vsdk\public\minbase</Filter>
    </ClInclude>
    <ClInclude Include="vsdk\public\tier0\basetypes.h">
      <Filter>vsdk\public\tier0</Filter>
    </ClInclude>
    <ClInclude Include="vsdk\public\tier0\dbg.h">
      <Filter>vsdk\public\tier0</Filter>
    </ClInclude>
    <ClInclude Include="vsdk\public\tier0\memdbgoff.h">
      <Filter>vsdk\public\tier0</Filter>
    </ClInclude>
    <ClInclude Include="vsdk\public\tier0\memdbgon.h">
      <Filter>vsdk\public\tier0</Filter>
    </ClInclude>
    <ClInclude Include="vsdk\public\tier0\platform.h">
      <Filter>vsdk\public\tier0</Filter>
    </ClInclude>
    <ClInclude Include="vsdk\public\tier0\platformtime.h">
      <Filter>vsdk\public\tier0</Filter>
    </ClInclude>
    <ClInclude Include="vsdk\public\tier0\platform_sockets.h">
      <Filter>vsdk\public\tier0</Filter>
    </ClInclude>
    <ClInclude Include="vsdk\public\tier0\t0constants.h">
      <Filter>vsdk\public\tier0</Filter>
    </ClInclude>
    <ClInclude Include="vsdk\public\tier0\valve_off.h">
      <Filter>vsdk\public\tier0</Filter>
    </ClInclude>
    <ClInclude Include="vsdk\public\tier0\valve_on.h">
      <Filter>vsdk\public\tier0</Filter>
    </ClInclude>
    <ClInclude Include="vsdk\public\tier0\valve_tracelogging.h">
      <Filter>vsdk\public\tier0</Filter>
    </ClInclude>
    <ClInclude Include="vsdk\public\tier0\vprof.h">
      <Filter>vsdk\public\tier0</Filter>
    </ClInclude>
    <ClInclude Include="vsdk\public\tier0\wchartypes.h">
      <Filter>vsdk\public\tier0</Filter>
    </ClInclude>
    <ClInclude Include="vsdk\public\tier1\fmtstr.h">
      <Filter>vsdk\public\tier1</Filter>
    </ClInclude>
    <ClInclude Include="vsdk\public\tier1\netadr.h">
      <Filter>vsdk\public\tier1</Filter>
    </ClInclude>
    <ClInclude Include="vsdk\public\tier1\utlbuffer.h">
      <Filter>vsdk\public\tier1</Filter>
    </ClInclude>
    <ClInclude Include="vsdk\public\tier1\utlhashmap.h">
      <Filter>vsdk\public\tier1</Filter>
    </ClInclude>
    <ClInclude Include="vsdk\public\tier1\utliterator.h">
      <Filter>vsdk\public\tier1</Filter>
    </ClInclude>
    <ClInclude Include="vsdk\public\tier1\utllinkedlist.h">
      <Filter>vsdk\public\tier1</Filter>
    </ClInclude>
    <ClInclude Include="vsdk\public\tier1\utlmemory.h">
      <Filter>vsdk\public\tier1</Filter>
    </ClInclude>
    <ClInclude Include="vsdk\public\tier1\utlpriorityqueue.h">
      <Filter>vsdk\public\tier1</Filter>
    </ClInclude>
    <ClInclude Include="vsdk\public\tier1\utlvector.h">
      <Filter>vsdk\public\tier1</Filter>
    </ClInclude>
    <ClInclude Include="vsdk\public\vstdlib\random.h">
      <Filter>vsdk\public\vstdlib</Filter>
    </ClInclude>
    <ClInclude Include="vsdk\public\vstdlib\strtools.h">
      <Filter>vsdk\public\vstdlib</Filter>
    </ClInclude>
    <ClInclude Include="vsdk\tier1\ipv6text.h">
      <Filter>vsdk\tier1</Filter>
    </ClInclude>
  </ItemGroup>
  <ItemGroup>
    <!-- engine\core -->
    <ClCompile Include="engine\core\dllmain.cpp">
      <Filter>engine\core</Filter>
    </ClCompile>
    <ClCompile Include="engine\core\factory.cpp">
      <Filter>engine\core</Filter>
    </ClCompile>
    <ClCompile Include="engine\core\load.cpp">
      <Filter>engine\core</Filter>
    </ClCompile>
    <!-- engine\hooks -->
    <ClCompile Include="engine\hooks\patcher.cpp">
      <Filter>engine\hooks</Filter>
    </ClCompile>
    <!-- engine\vtable_remaps -->
    <ClCompile Include="engine\vtable_remaps\engine_vtable.cpp">
      <Filter>engine\vtable_remaps</Filter>
    </ClCompile>
    <ClCompile Include="engine\vtable_remaps\filesystem_vtable.cpp">
      <Filter>engine\vtable_remaps</Filter>
    </ClCompile>
    <ClCompile Include="engine\vtable_remaps\model_info_vtable.cpp">
      <Filter>engine\vtable_remaps</Filter>
    </ClCompile>
    <ClCompile Include="engine\vtable_tools.cpp">
      <Filter>engine</Filter>
    </ClCompile>
    <!-- engine\filesystem -->
    <ClCompile Include="engine\filesystem\filecache.cpp">
      <Filter>engine\filesystem</Filter>
    </ClCompile>
    <ClCompile Include="engine\filesystem\filesystem.cpp">
      <Filter>engine\filesystem</Filter>
    </ClCompile>
    <!-- engine\memory -->
    <ClCompile Include="engine\memory\arena.cpp">
      <Filter>engine\memory</Filter>
    </ClCompile>
    <ClCompile Include="engine\memory\memory.cpp">
      <Filter>engine\memory</Filter>
    </ClCompile>
    <ClCompile Include="engine\memory\tctx.cpp">
      <Filter>engine\memory</Filter>
    </ClCompile>
    <!-- engine\logging -->
    <ClCompile Include="engine\logging\crashhandler.cpp">
      <Filter>engine\logging</Filter>
    </ClCompile>
    <ClCompile Include="engine\logging\logging.cpp">
      <Filter>engine\logging</Filter>
    </ClCompile>
    <!-- engine\net -->
    <ClCompile Include="engine\net\masterserver.cpp">
      <Filter>engine\net</Filter>
    </ClCompile>
    <ClCompile Include="engine\net\netchanwarnings.cpp">
      <Filter>engine\net</Filter>
    </ClCompile>
    <ClCompile Include="engine\net\net_hooks.cpp">
      <Filter>engine\net</Filter>
    </ClCompile>
    <ClCompile Include="engine\net\networking.cpp">
      <Filter>engine\net</Filter>
    </ClCompile>
    <!-- engine (root) -->
    <ClCompile Include="engine\auth.cpp">
      <Filter>engine</Filter>
    </ClCompile>
    <ClCompile Include="engine\compression.cpp">
      <Filter>engine</Filter>
    </ClCompile>
    <ClCompile Include="engine\cvar.cpp">
      <Filter>engine</Filter>
    </ClCompile>
    <ClCompile Include="engine\dedicated.cpp">
      <Filter>engine</Filter>
    </ClCompile>
    <ClCompile Include="engine\mcp_server.cpp">
      <Filter>engine</Filter>
    </ClCompile>
    <ClCompile Include="engine\precache.cpp">
      <Filter>engine</Filter>
    </ClCompile>
    <ClCompile Include="engine\security_fixes.cpp">
      <Filter>engine</Filter>
    </ClCompile>
    <ClCompile Include="engine\sendmoveclampfix.cpp">
      <Filter>engine</Filter>
    </ClCompile>
    <!-- client -->
    <ClCompile Include="client\client.cpp">
      <Filter>client</Filter>
    </ClCompile>
    <ClCompile Include="client\discord.cpp">
      <Filter>client</Filter>
    </ClCompile>
    <ClCompile Include="client\localchatwriter.cpp">
      <Filter>client</Filter>
    </ClCompile>
    <ClCompile Include="client\localize.cpp">
      <Filter>client</Filter>
    </ClCompile>
    <ClCompile Include="client\predictionerror.cpp">
      <Filter>client</Filter>
    </ClCompile>
    <!-- client\audio -->
    <ClCompile Include="client\audio\audio.cpp">
      <Filter>client\audio</Filter>
    </ClCompile>
    <ClCompile Include="client\audio\audio_cache.cpp">
      <Filter>client\audio</Filter>
    </ClCompile>
    <ClCompile Include="client\audio\audio_device.cpp">
      <Filter>client\audio</Filter>
    </ClCompile>
    <!-- client\rendering -->
    <ClCompile Include="client\rendering\hudwarp.cpp">
      <Filter>client\rendering</Filter>
    </ClCompile>
    <ClCompile Include="client\rendering\hudwarp_hooks.cpp">
      <Filter>client\rendering</Filter>
    </ClCompile>
    <ClCompile Include="client\rendering\surfacerender.cpp">
      <Filter>client\rendering</Filter>
    </ClCompile>
    <!-- server -->
    <ClCompile Include="server\chat.cpp">
      <Filter>server</Filter>
    </ClCompile>
    <ClCompile Include="server\misc.cpp">
      <Filter>server</Filter>
    </ClCompile>
    <ClCompile Include="server\usermessages.cpp">
      <Filter>server</Filter>
    </ClCompile>
    <!-- server\physics -->
    <ClCompile Include="server\physics\physics.cpp">
      <Filter>server\physics</Filter>
    </ClCompile>
    <!-- server\ai -->
    <ClCompile Include="server\ai\bot.cpp">
      <Filter>server\ai</Filter>
    </ClCompile>
    <ClCompile Include="server\ai\navmesh.cpp">
      <Filter>server\ai</Filter>
    </ClCompile>
    <!-- shared -->
    <ClCompile Include="shared\commands.cpp">
      <Filter>shared</Filter>
    </ClCompile>
    <ClCompile Include="shared\persistentdata.cpp">
      <Filter>shared</Filter>
    </ClCompile>
    <ClCompile Include="shared\squirrel.cpp">
      <Filter>shared</Filter>
    </ClCompile>
    <!-- sdk -->
    <ClCompile Include="sdk\bitbuf.cpp">
      <Filter>sdk</Filter>
    </ClCompile>
    <ClCompile Include="sdk\keyvalues.cpp">
      <Filter>sdk</Filter>
    </ClCompile>
    <ClCompile Include="sdk\newbitbuf.cpp">
      <Filter>sdk</Filter>
    </ClCompile>
    <!-- eos -->
    <ClCompile Include="eos\eos_layer.cpp">
      <Filter>eos</Filter>
    </ClCompile>
    <ClCompile Include="eos\eos_logging_manager.cpp">
      <Filter>eos</Filter>
    </ClCompile>
    <ClCompile Include="eos\eos_network.cpp">
      <Filter>eos</Filter>
    </ClCompile>
    <ClCompile Include="eos\fake_ip_layer.cpp">
      <Filter>eos</Filter>
    </ClCompile>
    <!-- root files -->
    <ClCompile Include="player.cpp" />
    <ClCompile Include="TableDestroyer.cpp" />
    <!-- vsdk -->
    <ClCompile Include="vsdk\tier0\dbg.cpp">
      <Filter>vsdk\tier0</Filter>
    </ClCompile>
    <ClCompile Include="vsdk\tier0\platformtime.cpp">
      <Filter>vsdk\tier0</Filter>
    </ClCompile>
    <ClCompile Include="vsdk\tier0\valve_tracelogging.cpp">
      <Filter>vsdk\tier0</Filter>
    </ClCompile>
    <ClCompile Include="vsdk\tier1\ipv6text.c">
      <Filter>vsdk\tier1</Filter>
    </ClCompile>
    <ClCompile Include="vsdk\tier1\netadr.cpp">
      <Filter>vsdk\tier1</Filter>
    </ClCompile>
    <ClCompile Include="vsdk\tier1\utlbuffer.cpp">
      <Filter>vsdk\tier1</Filter>
    </ClCompile>
    <ClCompile Include="vsdk\vstdlib\strtools.cpp">
      <Filter>vsdk\vstdlib</Filter>
    </ClCompile>
  </ItemGroup>
  <ItemGroup>
    <None Include="packages.config" />
  </ItemGroup>
  <ItemGroup>
    <MASM Include="NetChanFixes.asm">
      <Filter>engine\net</Filter>
    </MASM>
  </ItemGroup>
  <ItemGroup>
    <Natvis Include="base.natvis" />
  </ItemGroup>
  <ItemGroup>
    <ResourceCompile Include="resources.rc">
      <Filter>Resource Files</Filter>
    </ResourceCompile>
  </ItemGroup>
</Project>
